// !$*UTF8*$!
{
	archiveVersion = 1;
	classes = {
	};
	objectVersion = 56;
	objects = {

/* Begin PBXBuildFile section */
		2A3C26F72A97855200BC2E19 /* AppDelegate.swift in Sources */ = {isa = PBXBuildFile; fileRef = 2A3C26F62A97855200BC2E19 /* AppDelegate.swift */; };
		2A3C26F92A97855200BC2E19 /* SceneDelegate.swift in Sources */ = {isa = PBXBuildFile; fileRef = 2A3C26F82A97855200BC2E19 /* SceneDelegate.swift */; };
		2A3C26FB2A97855200BC2E19 /* ListOfAdvertisementsViewController.swift in Sources */ = {isa = PBXBuildFile; fileRef = 2A3C26FA2A97855200BC2E19 /* ListOfAdvertisementsViewController.swift */; };
		2A3C27002A97855500BC2E19 /* Assets.xcassets in Resources */ = {isa = PBXBuildFile; fileRef = 2A3C26FF2A97855500BC2E19 /* Assets.xcassets */; };
		2A3C27032A97855500BC2E19 /* LaunchScreen.storyboard in Resources */ = {isa = PBXBuildFile; fileRef = 2A3C27012A97855500BC2E19 /* LaunchScreen.storyboard */; };
		2A3C270E2A97C56600BC2E19 /* ListOfAdvertisementsCell.swift in Sources */ = {isa = PBXBuildFile; fileRef = 2A3C270D2A97C56600BC2E19 /* ListOfAdvertisementsCell.swift */; };
		2A5C313E2A9B9B790076D00D /* GeometryParams.swift in Sources */ = {isa = PBXBuildFile; fileRef = 2A5C313D2A9B9B790076D00D /* GeometryParams.swift */; };
		2A5C31442A9BA1B20076D00D /* AdvertisementsDetailsViewController.swift in Sources */ = {isa = PBXBuildFile; fileRef = 2A5C31432A9BA1B20076D00D /* AdvertisementsDetailsViewController.swift */; };
		2A5C31472A9BDDE50076D00D /* ListOfAdvertisementsService.swift in Sources */ = {isa = PBXBuildFile; fileRef = 2A5C31462A9BDDE50076D00D /* ListOfAdvertisementsService.swift */; };
		2A5C31492A9BE1340076D00D /* Error+Extention.swift in Sources */ = {isa = PBXBuildFile; fileRef = 2A5C31482A9BE1340076D00D /* Error+Extention.swift */; };
		2A6C72422A9CF65100789868 /* ListOfAdvertisementsPresenter.swift in Sources */ = {isa = PBXBuildFile; fileRef = 2A6C72412A9CF65100789868 /* ListOfAdvertisementsPresenter.swift */; };
		2A6C72452A9D02F900789868 /* Kingfisher in Frameworks */ = {isa = PBXBuildFile; productRef = 2A6C72442A9D02F900789868 /* Kingfisher */; };
		2A6C72472A9D0B9D00789868 /* Date+Extention.swift in Sources */ = {isa = PBXBuildFile; fileRef = 2A6C72462A9D0B9D00789868 /* Date+Extention.swift */; };
		2A6C724D2A9D283200789868 /* Advertisements.swift in Sources */ = {isa = PBXBuildFile; fileRef = 2A6C724C2A9D283200789868 /* Advertisements.swift */; };
		2A6C724F2A9D286600789868 /* AdvertisementsDetails.swift in Sources */ = {isa = PBXBuildFile; fileRef = 2A6C724E2A9D286600789868 /* AdvertisementsDetails.swift */; };
		2A6C72572A9D2C6600789868 /* Configuration.swift in Sources */ = {isa = PBXBuildFile; fileRef = 2A6C72562A9D2C6600789868 /* Configuration.swift */; };
		2A6C72592A9D40E200789868 /* AdvertisementsDetailsPresenter.swift in Sources */ = {isa = PBXBuildFile; fileRef = 2A6C72582A9D40E200789868 /* AdvertisementsDetailsPresenter.swift */; };
		2A6C725F2A9E458F00789868 /* Observable.swift in Sources */ = {isa = PBXBuildFile; fileRef = 2A6C725E2A9E458F00789868 /* Observable.swift */; };
		2A6C72612A9E45E200789868 /* ViewState.swift in Sources */ = {isa = PBXBuildFile; fileRef = 2A6C72602A9E45E200789868 /* ViewState.swift */; };
		2A6C72642A9E474700789868 /* ProgressHUD in Frameworks */ = {isa = PBXBuildFile; productRef = 2A6C72632A9E474700789868 /* ProgressHUD */; };
		2A6C72662A9E477B00789868 /* UIBlockingProgressHUD.swift in Sources */ = {isa = PBXBuildFile; fileRef = 2A6C72652A9E477B00789868 /* UIBlockingProgressHUD.swift */; };
		2A6C72682A9F382000789868 /* Alert.swift in Sources */ = {isa = PBXBuildFile; fileRef = 2A6C72672A9F382000789868 /* Alert.swift */; };
		2A89828E2A9F5A7100268D03 /* Aeroport-Light.ttf in Resources */ = {isa = PBXBuildFile; fileRef = 2A8982892A9F5A7100268D03 /* Aeroport-Light.ttf */; };
		2A8982902A9F5A7100268D03 /* Aeroport.ttf in Resources */ = {isa = PBXBuildFile; fileRef = 2A89828B2A9F5A7100268D03 /* Aeroport.ttf */; };
		2A8982912A9F5A7100268D03 /* Aeroport-Bold.ttf in Resources */ = {isa = PBXBuildFile; fileRef = 2A89828C2A9F5A7100268D03 /* Aeroport-Bold.ttf */; };
		2A8982922A9F5A7100268D03 /* Aeroport-Medium.ttf in Resources */ = {isa = PBXBuildFile; fileRef = 2A89828D2A9F5A7100268D03 /* Aeroport-Medium.ttf */; };
		2A8982942A9F62AF00268D03 /* FormatPrice.swift in Sources */ = {isa = PBXBuildFile; fileRef = 2A8982932A9F62AF00268D03 /* FormatPrice.swift */; };
		2A8982962A9F736000268D03 /* ConnectedToNetwork.swift in Sources */ = {isa = PBXBuildFile; fileRef = 2A8982952A9F736000268D03 /* ConnectedToNetwork.swift */; };
		2A89829D2A9FA19100268D03 /* IMG_8766.PNG in Resources */ = {isa = PBXBuildFile; fileRef = 2A8982982A9FA19000268D03 /* IMG_8766.PNG */; };
		2A89829E2A9FA19100268D03 /* IMG_8765.PNG in Resources */ = {isa = PBXBuildFile; fileRef = 2A8982992A9FA19000268D03 /* IMG_8765.PNG */; };
		2A89829F2A9FA19100268D03 /* IMG_8763.PNG in Resources */ = {isa = PBXBuildFile; fileRef = 2A89829A2A9FA19000268D03 /* IMG_8763.PNG */; };
		2A8982A02A9FA19100268D03 /* IMG_8764.PNG in Resources */ = {isa = PBXBuildFile; fileRef = 2A89829B2A9FA19100268D03 /* IMG_8764.PNG */; };
		2A8982A12A9FA19100268D03 /* IMG_8762.PNG in Resources */ = {isa = PBXBuildFile; fileRef = 2A89829C2A9FA19100268D03 /* IMG_8762.PNG */; };
/* End PBXBuildFile section */

/* Begin PBXFileReference section */
		2A3C26F32A97855200BC2E19 /* AvitoTech.app */ = {isa = PBXFileReference; explicitFileType = wrapper.application; includeInIndex = 0; path = AvitoTech.app; sourceTree = BUILT_PRODUCTS_DIR; };
		2A3C26F62A97855200BC2E19 /* AppDelegate.swift */ = {isa = PBXFileReference; lastKnownFileType = sourcecode.swift; path = AppDelegate.swift; sourceTree = "<group>"; };
		2A3C26F82A97855200BC2E19 /* SceneDelegate.swift */ = {isa = PBXFileReference; lastKnownFileType = sourcecode.swift; path = SceneDelegate.swift; sourceTree = "<group>"; };
		2A3C26FA2A97855200BC2E19 /* ListOfAdvertisementsViewController.swift */ = {isa = PBXFileReference; lastKnownFileType = sourcecode.swift; path = ListOfAdvertisementsViewController.swift; sourceTree = "<group>"; };
		2A3C26FF2A97855500BC2E19 /* Assets.xcassets */ = {isa = PBXFileReference; lastKnownFileType = folder.assetcatalog; path = Assets.xcassets; sourceTree = "<group>"; };
		2A3C27022A97855500BC2E19 /* Base */ = {isa = PBXFileReference; lastKnownFileType = file.storyboard; name = Base; path = Base.lproj/LaunchScreen.storyboard; sourceTree = "<group>"; };
		2A3C27042A97855500BC2E19 /* Info.plist */ = {isa = PBXFileReference; lastKnownFileType = text.plist.xml; path = Info.plist; sourceTree = "<group>"; };
		2A3C270D2A97C56600BC2E19 /* ListOfAdvertisementsCell.swift */ = {isa = PBXFileReference; lastKnownFileType = sourcecode.swift; path = ListOfAdvertisementsCell.swift; sourceTree = "<group>"; };
		2A5C313D2A9B9B790076D00D /* GeometryParams.swift */ = {isa = PBXFileReference; lastKnownFileType = sourcecode.swift; path = GeometryParams.swift; sourceTree = "<group>"; };
		2A5C31432A9BA1B20076D00D /* AdvertisementsDetailsViewController.swift */ = {isa = PBXFileReference; lastKnownFileType = sourcecode.swift; path = AdvertisementsDetailsViewController.swift; sourceTree = "<group>"; };
		2A5C31462A9BDDE50076D00D /* ListOfAdvertisementsService.swift */ = {isa = PBXFileReference; lastKnownFileType = sourcecode.swift; path = ListOfAdvertisementsService.swift; sourceTree = "<group>"; };
		2A5C31482A9BE1340076D00D /* Error+Extention.swift */ = {isa = PBXFileReference; lastKnownFileType = sourcecode.swift; path = "Error+Extention.swift"; sourceTree = "<group>"; };
		2A6C72412A9CF65100789868 /* ListOfAdvertisementsPresenter.swift */ = {isa = PBXFileReference; lastKnownFileType = sourcecode.swift; path = ListOfAdvertisementsPresenter.swift; sourceTree = "<group>"; };
		2A6C72462A9D0B9D00789868 /* Date+Extention.swift */ = {isa = PBXFileReference; lastKnownFileType = sourcecode.swift; path = "Date+Extention.swift"; sourceTree = "<group>"; };
		2A6C724C2A9D283200789868 /* Advertisements.swift */ = {isa = PBXFileReference; lastKnownFileType = sourcecode.swift; path = Advertisements.swift; sourceTree = "<group>"; };
		2A6C724E2A9D286600789868 /* AdvertisementsDetails.swift */ = {isa = PBXFileReference; lastKnownFileType = sourcecode.swift; path = AdvertisementsDetails.swift; sourceTree = "<group>"; };
		2A6C72562A9D2C6600789868 /* Configuration.swift */ = {isa = PBXFileReference; lastKnownFileType = sourcecode.swift; path = Configuration.swift; sourceTree = "<group>"; };
		2A6C72582A9D40E200789868 /* AdvertisementsDetailsPresenter.swift */ = {isa = PBXFileReference; lastKnownFileType = sourcecode.swift; path = AdvertisementsDetailsPresenter.swift; sourceTree = "<group>"; };
		2A6C725E2A9E458F00789868 /* Observable.swift */ = {isa = PBXFileReference; lastKnownFileType = sourcecode.swift; path = Observable.swift; sourceTree = "<group>"; };
		2A6C72602A9E45E200789868 /* ViewState.swift */ = {isa = PBXFileReference; lastKnownFileType = sourcecode.swift; path = ViewState.swift; sourceTree = "<group>"; };
		2A6C72652A9E477B00789868 /* UIBlockingProgressHUD.swift */ = {isa = PBXFileReference; lastKnownFileType = sourcecode.swift; path = UIBlockingProgressHUD.swift; sourceTree = "<group>"; };
		2A6C72672A9F382000789868 /* Alert.swift */ = {isa = PBXFileReference; lastKnownFileType = sourcecode.swift; path = Alert.swift; sourceTree = "<group>"; };
		2A8982892A9F5A7100268D03 /* Aeroport-Light.ttf */ = {isa = PBXFileReference; lastKnownFileType = file; path = "Aeroport-Light.ttf"; sourceTree = "<group>"; };
		2A89828B2A9F5A7100268D03 /* Aeroport.ttf */ = {isa = PBXFileReference; lastKnownFileType = file; path = Aeroport.ttf; sourceTree = "<group>"; };
		2A89828C2A9F5A7100268D03 /* Aeroport-Bold.ttf */ = {isa = PBXFileReference; lastKnownFileType = file; path = "Aeroport-Bold.ttf"; sourceTree = "<group>"; };
		2A89828D2A9F5A7100268D03 /* Aeroport-Medium.ttf */ = {isa = PBXFileReference; lastKnownFileType = file; path = "Aeroport-Medium.ttf"; sourceTree = "<group>"; };
		2A8982932A9F62AF00268D03 /* FormatPrice.swift */ = {isa = PBXFileReference; lastKnownFileType = sourcecode.swift; path = FormatPrice.swift; sourceTree = "<group>"; };
		2A8982952A9F736000268D03 /* ConnectedToNetwork.swift */ = {isa = PBXFileReference; lastKnownFileType = sourcecode.swift; path = ConnectedToNetwork.swift; sourceTree = "<group>"; };
		2A8982982A9FA19000268D03 /* IMG_8766.PNG */ = {isa = PBXFileReference; lastKnownFileType = image.png; path = IMG_8766.PNG; sourceTree = "<group>"; };
		2A8982992A9FA19000268D03 /* IMG_8765.PNG */ = {isa = PBXFileReference; lastKnownFileType = image.png; path = IMG_8765.PNG; sourceTree = "<group>"; };
		2A89829A2A9FA19000268D03 /* IMG_8763.PNG */ = {isa = PBXFileReference; lastKnownFileType = image.png; path = IMG_8763.PNG; sourceTree = "<group>"; };
		2A89829B2A9FA19100268D03 /* IMG_8764.PNG */ = {isa = PBXFileReference; lastKnownFileType = image.png; path = IMG_8764.PNG; sourceTree = "<group>"; };
		2A89829C2A9FA19100268D03 /* IMG_8762.PNG */ = {isa = PBXFileReference; lastKnownFileType = image.png; path = IMG_8762.PNG; sourceTree = "<group>"; };
/* End PBXFileReference section */

/* Begin PBXFrameworksBuildPhase section */
		2A3C26F02A97855200BC2E19 /* Frameworks */ = {
			isa = PBXFrameworksBuildPhase;
			buildActionMask = 2147483647;
			files = (
				2A6C72452A9D02F900789868 /* Kingfisher in Frameworks */,
				2A6C72642A9E474700789868 /* ProgressHUD in Frameworks */,
			);
			runOnlyForDeploymentPostprocessing = 0;
		};
/* End PBXFrameworksBuildPhase section */

/* Begin PBXGroup section */
		2A3C26EA2A97855200BC2E19 = {
			isa = PBXGroup;
			children = (
				2A3C26F52A97855200BC2E19 /* AvitoTech_ios */,
				2A3C26F42A97855200BC2E19 /* Products */,
			);
			sourceTree = "<group>";
		};
		2A3C26F42A97855200BC2E19 /* Products */ = {
			isa = PBXGroup;
			children = (
				2A3C26F32A97855200BC2E19 /* AvitoTech.app */,
			);
			name = Products;
			sourceTree = "<group>";
		};
		2A3C26F52A97855200BC2E19 /* AvitoTech_ios */ = {
			isa = PBXGroup;
			children = (
				2A5C31412A9BA08B0076D00D /* Controllers */,
				2A5C31452A9BB1A00076D00D /* Services */,
				2A6C724B2A9D281F00789868 /* Models */,
				2A3C270A2A978A5C00BC2E19 /* Application */,
				2A6C72482A9D27A300789868 /* Helpers */,
				2A3C270C2A978AE800BC2E19 /* Resources */,
			);
			path = AvitoTech_ios;
			sourceTree = "<group>";
		};
		2A3C270A2A978A5C00BC2E19 /* Application */ = {
			isa = PBXGroup;
			children = (
				2A3C26F62A97855200BC2E19 /* AppDelegate.swift */,
				2A3C26F82A97855200BC2E19 /* SceneDelegate.swift */,
			);
			path = Application;
			sourceTree = "<group>";
		};
		2A3C270B2A978ABD00BC2E19 /* ListOfProducts */ = {
			isa = PBXGroup;
			children = (
				2A3C26FA2A97855200BC2E19 /* ListOfAdvertisementsViewController.swift */,
				2A6C72412A9CF65100789868 /* ListOfAdvertisementsPresenter.swift */,
				2A3C270D2A97C56600BC2E19 /* ListOfAdvertisementsCell.swift */,
			);
			path = ListOfProducts;
			sourceTree = "<group>";
		};
		2A3C270C2A978AE800BC2E19 /* Resources */ = {
			isa = PBXGroup;
			children = (
				2A6C72562A9D2C6600789868 /* Configuration.swift */,
				2A3C27012A97855500BC2E19 /* LaunchScreen.storyboard */,
				2A3C26FF2A97855500BC2E19 /* Assets.xcassets */,
				2A8982882A9F59FB00268D03 /* Fonts */,
				2A8982972A9FA16800268D03 /* Screens */,
				2A3C27042A97855500BC2E19 /* Info.plist */,
			);
			path = Resources;
			sourceTree = "<group>";
		};
		2A5C31412A9BA08B0076D00D /* Controllers */ = {
			isa = PBXGroup;
			children = (
				2A3C270B2A978ABD00BC2E19 /* ListOfProducts */,
				2A5C31422A9BA1990076D00D /* AdvertisementsDetails */,
			);
			path = Controllers;
			sourceTree = "<group>";
		};
		2A5C31422A9BA1990076D00D /* AdvertisementsDetails */ = {
			isa = PBXGroup;
			children = (
				2A5C31432A9BA1B20076D00D /* AdvertisementsDetailsViewController.swift */,
				2A6C72582A9D40E200789868 /* AdvertisementsDetailsPresenter.swift */,
			);
			path = AdvertisementsDetails;
			sourceTree = "<group>";
		};
		2A5C31452A9BB1A00076D00D /* Services */ = {
			isa = PBXGroup;
			children = (
				2A5C31462A9BDDE50076D00D /* ListOfAdvertisementsService.swift */,
				2A8982952A9F736000268D03 /* ConnectedToNetwork.swift */,
			);
			path = Services;
			sourceTree = "<group>";
		};
		2A6C72482A9D27A300789868 /* Helpers */ = {
			isa = PBXGroup;
			children = (
				2A6C72462A9D0B9D00789868 /* Date+Extention.swift */,
				2A5C31482A9BE1340076D00D /* Error+Extention.swift */,
				2A6C725E2A9E458F00789868 /* Observable.swift */,
				2A6C72652A9E477B00789868 /* UIBlockingProgressHUD.swift */,
				2A6C72672A9F382000789868 /* Alert.swift */,
				2A8982932A9F62AF00268D03 /* FormatPrice.swift */,
			);
			path = Helpers;
			sourceTree = "<group>";
		};
		2A6C724B2A9D281F00789868 /* Models */ = {
			isa = PBXGroup;
			children = (
				2A5C313D2A9B9B790076D00D /* GeometryParams.swift */,
				2A6C724C2A9D283200789868 /* Advertisements.swift */,
				2A6C724E2A9D286600789868 /* AdvertisementsDetails.swift */,
				2A6C72602A9E45E200789868 /* ViewState.swift */,
			);
			path = Models;
			sourceTree = "<group>";
		};
		2A8982882A9F59FB00268D03 /* Fonts */ = {
			isa = PBXGroup;
			children = (
				2A89828C2A9F5A7100268D03 /* Aeroport-Bold.ttf */,
				2A8982892A9F5A7100268D03 /* Aeroport-Light.ttf */,
				2A89828D2A9F5A7100268D03 /* Aeroport-Medium.ttf */,
				2A89828B2A9F5A7100268D03 /* Aeroport.ttf */,
			);
			path = Fonts;
			sourceTree = "<group>";
		};
		2A8982972A9FA16800268D03 /* Screens */ = {
			isa = PBXGroup;
			children = (
				2A89829C2A9FA19100268D03 /* IMG_8762.PNG */,
				2A89829A2A9FA19000268D03 /* IMG_8763.PNG */,
				2A89829B2A9FA19100268D03 /* IMG_8764.PNG */,
				2A8982992A9FA19000268D03 /* IMG_8765.PNG */,
				2A8982982A9FA19000268D03 /* IMG_8766.PNG */,
			);
			path = Screens;
			sourceTree = "<group>";
		};
/* End PBXGroup section */

/* Begin PBXNativeTarget section */
		2A3C26F22A97855200BC2E19 /* AvitoTech */ = {
			isa = PBXNativeTarget;
			buildConfigurationList = 2A3C27072A97855500BC2E19 /* Build configuration list for PBXNativeTarget "AvitoTech" */;
			buildPhases = (
				2A3C26EF2A97855200BC2E19 /* Sources */,
				2A3C26F02A97855200BC2E19 /* Frameworks */,
				2A3C26F12A97855200BC2E19 /* Resources */,
			);
			buildRules = (
			);
			dependencies = (
			);
			name = AvitoTech;
			packageProductDependencies = (
				2A6C72442A9D02F900789868 /* Kingfisher */,
				2A6C72632A9E474700789868 /* ProgressHUD */,
			);
			productName = AvitoTech_ios;
			productReference = 2A3C26F32A97855200BC2E19 /* AvitoTech.app */;
			productType = "com.apple.product-type.application";
		};
/* End PBXNativeTarget section */

/* Begin PBXProject section */
		2A3C26EB2A97855200BC2E19 /* Project object */ = {
			isa = PBXProject;
			attributes = {
				BuildIndependentTargetsInParallel = 1;
				LastSwiftUpdateCheck = 1500;
				LastUpgradeCheck = 1500;
				TargetAttributes = {
					2A3C26F22A97855200BC2E19 = {
						CreatedOnToolsVersion = 15.0;
					};
				};
			};
			buildConfigurationList = 2A3C26EE2A97855200BC2E19 /* Build configuration list for PBXProject "AvitoTech" */;
			compatibilityVersion = "Xcode 14.0";
			developmentRegion = en;
			hasScannedForEncodings = 0;
			knownRegions = (
				en,
				Base,
			);
			mainGroup = 2A3C26EA2A97855200BC2E19;
			packageReferences = (
				2A6C72432A9D02F900789868 /* XCRemoteSwiftPackageReference "Kingfisher" */,
				2A6C72622A9E474700789868 /* XCRemoteSwiftPackageReference "ProgressHUD" */,
			);
			productRefGroup = 2A3C26F42A97855200BC2E19 /* Products */;
			projectDirPath = "";
			projectRoot = "";
			targets = (
				2A3C26F22A97855200BC2E19 /* AvitoTech */,
			);
		};
/* End PBXProject section */

/* Begin PBXResourcesBuildPhase section */
		2A3C26F12A97855200BC2E19 /* Resources */ = {
			isa = PBXResourcesBuildPhase;
			buildActionMask = 2147483647;
			files = (
				2A89829D2A9FA19100268D03 /* IMG_8766.PNG in Resources */,
				2A3C27032A97855500BC2E19 /* LaunchScreen.storyboard in Resources */,
				2A8982A12A9FA19100268D03 /* IMG_8762.PNG in Resources */,
				2A8982922A9F5A7100268D03 /* Aeroport-Medium.ttf in Resources */,
				2A3C27002A97855500BC2E19 /* Assets.xcassets in Resources */,
				2A8982912A9F5A7100268D03 /* Aeroport-Bold.ttf in Resources */,
				2A89829F2A9FA19100268D03 /* IMG_8763.PNG in Resources */,
				2A8982A02A9FA19100268D03 /* IMG_8764.PNG in Resources */,
				2A89829E2A9FA19100268D03 /* IMG_8765.PNG in Resources */,
				2A8982902A9F5A7100268D03 /* Aeroport.ttf in Resources */,
				2A89828E2A9F5A7100268D03 /* Aeroport-Light.ttf in Resources */,
			);
			runOnlyForDeploymentPostprocessing = 0;
		};
/* End PBXResourcesBuildPhase section */

/* Begin PBXSourcesBuildPhase section */
		2A3C26EF2A97855200BC2E19 /* Sources */ = {
			isa = PBXSourcesBuildPhase;
			buildActionMask = 2147483647;
			files = (
				2A5C313E2A9B9B790076D00D /* GeometryParams.swift in Sources */,
				2A6C72422A9CF65100789868 /* ListOfAdvertisementsPresenter.swift in Sources */,
				2A3C270E2A97C56600BC2E19 /* ListOfAdvertisementsCell.swift in Sources */,
				2A6C72662A9E477B00789868 /* UIBlockingProgressHUD.swift in Sources */,
				2A3C26FB2A97855200BC2E19 /* ListOfAdvertisementsViewController.swift in Sources */,
				2A6C72682A9F382000789868 /* Alert.swift in Sources */,
				2A6C724D2A9D283200789868 /* Advertisements.swift in Sources */,
				2A5C31442A9BA1B20076D00D /* AdvertisementsDetailsViewController.swift in Sources */,
				2A6C72592A9D40E200789868 /* AdvertisementsDetailsPresenter.swift in Sources */,
				2A6C724F2A9D286600789868 /* AdvertisementsDetails.swift in Sources */,
				2A6C725F2A9E458F00789868 /* Observable.swift in Sources */,
				2A5C31472A9BDDE50076D00D /* ListOfAdvertisementsService.swift in Sources */,
				2A3C26F72A97855200BC2E19 /* AppDelegate.swift in Sources */,
				2A6C72572A9D2C6600789868 /* Configuration.swift in Sources */,
				2A6C72612A9E45E200789868 /* ViewState.swift in Sources */,
				2A3C26F92A97855200BC2E19 /* SceneDelegate.swift in Sources */,
				2A5C31492A9BE1340076D00D /* Error+Extention.swift in Sources */,
				2A6C72472A9D0B9D00789868 /* Date+Extention.swift in Sources */,
				2A8982962A9F736000268D03 /* ConnectedToNetwork.swift in Sources */,
				2A8982942A9F62AF00268D03 /* FormatPrice.swift in Sources */,
			);
			runOnlyForDeploymentPostprocessing = 0;
		};
/* End PBXSourcesBuildPhase section */

/* Begin PBXVariantGroup section */
		2A3C27012A97855500BC2E19 /* LaunchScreen.storyboard */ = {
			isa = PBXVariantGroup;
			children = (
				2A3C27022A97855500BC2E19 /* Base */,
			);
			name = LaunchScreen.storyboard;
			sourceTree = "<group>";
		};
/* End PBXVariantGroup section */

/* Begin XCBuildConfiguration section */
		2A3C27052A97855500BC2E19 /* Debug */ = {
			isa = XCBuildConfiguration;
			buildSettings = {
				ALWAYS_SEARCH_USER_PATHS = NO;
				ASSETCATALOG_COMPILER_GENERATE_SWIFT_ASSET_SYMBOL_EXTENSIONS = YES;
				CLANG_ANALYZER_NONNULL = YES;
				CLANG_ANALYZER_NUMBER_OBJECT_CONVERSION = YES_AGGRESSIVE;
				CLANG_CXX_LANGUAGE_STANDARD = "gnu++20";
				CLANG_ENABLE_MODULES = YES;
				CLANG_ENABLE_OBJC_ARC = YES;
				CLANG_ENABLE_OBJC_WEAK = YES;
				CLANG_WARN_BLOCK_CAPTURE_AUTORELEASING = YES;
				CLANG_WARN_BOOL_CONVERSION = YES;
				CLANG_WARN_COMMA = YES;
				CLANG_WARN_CONSTANT_CONVERSION = YES;
				CLANG_WARN_DEPRECATED_OBJC_IMPLEMENTATIONS = YES;
				CLANG_WARN_DIRECT_OBJC_ISA_USAGE = YES_ERROR;
				CLANG_WARN_DOCUMENTATION_COMMENTS = YES;
				CLANG_WARN_EMPTY_BODY = YES;
				CLANG_WARN_ENUM_CONVERSION = YES;
				CLANG_WARN_INFINITE_RECURSION = YES;
				CLANG_WARN_INT_CONVERSION = YES;
				CLANG_WARN_NON_LITERAL_NULL_CONVERSION = YES;
				CLANG_WARN_OBJC_IMPLICIT_RETAIN_SELF = YES;
				CLANG_WARN_OBJC_LITERAL_CONVERSION = YES;
				CLANG_WARN_OBJC_ROOT_CLASS = YES_ERROR;
				CLANG_WARN_QUOTED_INCLUDE_IN_FRAMEWORK_HEADER = YES;
				CLANG_WARN_RANGE_LOOP_ANALYSIS = YES;
				CLANG_WARN_STRICT_PROTOTYPES = YES;
				CLANG_WARN_SUSPICIOUS_MOVE = YES;
				CLANG_WARN_UNGUARDED_AVAILABILITY = YES_AGGRESSIVE;
				CLANG_WARN_UNREACHABLE_CODE = YES;
				CLANG_WARN__DUPLICATE_METHOD_MATCH = YES;
				COPY_PHASE_STRIP = NO;
				DEBUG_INFORMATION_FORMAT = dwarf;
				ENABLE_STRICT_OBJC_MSGSEND = YES;
				ENABLE_TESTABILITY = YES;
				ENABLE_USER_SCRIPT_SANDBOXING = YES;
				GCC_C_LANGUAGE_STANDARD = gnu17;
				GCC_DYNAMIC_NO_PIC = NO;
				GCC_NO_COMMON_BLOCKS = YES;
				GCC_OPTIMIZATION_LEVEL = 0;
				GCC_PREPROCESSOR_DEFINITIONS = (
					"DEBUG=1",
					"$(inherited)",
				);
				GCC_WARN_64_TO_32_BIT_CONVERSION = YES;
				GCC_WARN_ABOUT_RETURN_TYPE = YES_ERROR;
				GCC_WARN_UNDECLARED_SELECTOR = YES;
				GCC_WARN_UNINITIALIZED_AUTOS = YES_AGGRESSIVE;
				GCC_WARN_UNUSED_FUNCTION = YES;
				GCC_WARN_UNUSED_VARIABLE = YES;
				IPHONEOS_DEPLOYMENT_TARGET = 13.4;
				LOCALIZATION_PREFERS_STRING_CATALOGS = YES;
				MTL_ENABLE_DEBUG_INFO = INCLUDE_SOURCE;
				MTL_FAST_MATH = YES;
				ONLY_ACTIVE_ARCH = YES;
				SDKROOT = iphoneos;
				SWIFT_ACTIVE_COMPILATION_CONDITIONS = "DEBUG $(inherited)";
				SWIFT_OPTIMIZATION_LEVEL = "-Onone";
			};
			name = Debug;
		};
		2A3C27062A97855500BC2E19 /* Release */ = {
			isa = XCBuildConfiguration;
			buildSettings = {
				ALWAYS_SEARCH_USER_PATHS = NO;
				ASSETCATALOG_COMPILER_GENERATE_SWIFT_ASSET_SYMBOL_EXTENSIONS = YES;
				CLANG_ANALYZER_NONNULL = YES;
				CLANG_ANALYZER_NUMBER_OBJECT_CONVERSION = YES_AGGRESSIVE;
				CLANG_CXX_LANGUAGE_STANDARD = "gnu++20";
				CLANG_ENABLE_MODULES = YES;
				CLANG_ENABLE_OBJC_ARC = YES;
				CLANG_ENABLE_OBJC_WEAK = YES;
				CLANG_WARN_BLOCK_CAPTURE_AUTORELEASING = YES;
				CLANG_WARN_BOOL_CONVERSION = YES;
				CLANG_WARN_COMMA = YES;
				CLANG_WARN_CONSTANT_CONVERSION = YES;
				CLANG_WARN_DEPRECATED_OBJC_IMPLEMENTATIONS = YES;
				CLANG_WARN_DIRECT_OBJC_ISA_USAGE = YES_ERROR;
				CLANG_WARN_DOCUMENTATION_COMMENTS = YES;
				CLANG_WARN_EMPTY_BODY = YES;
				CLANG_WARN_ENUM_CONVERSION = YES;
				CLANG_WARN_INFINITE_RECURSION = YES;
				CLANG_WARN_INT_CONVERSION = YES;
				CLANG_WARN_NON_LITERAL_NULL_CONVERSION = YES;
				CLANG_WARN_OBJC_IMPLICIT_RETAIN_SELF = YES;
				CLANG_WARN_OBJC_LITERAL_CONVERSION = YES;
				CLANG_WARN_OBJC_ROOT_CLASS = YES_ERROR;
				CLANG_WARN_QUOTED_INCLUDE_IN_FRAMEWORK_HEADER = YES;
				CLANG_WARN_RANGE_LOOP_ANALYSIS = YES;
				CLANG_WARN_STRICT_PROTOTYPES = YES;
				CLANG_WARN_SUSPICIOUS_MOVE = YES;
				CLANG_WARN_UNGUARDED_AVAILABILITY = YES_AGGRESSIVE;
				CLANG_WARN_UNREACHABLE_CODE = YES;
				CLANG_WARN__DUPLICATE_METHOD_MATCH = YES;
				COPY_PHASE_STRIP = NO;
				DEBUG_INFORMATION_FORMAT = "dwarf-with-dsym";
				ENABLE_NS_ASSERTIONS = NO;
				ENABLE_STRICT_OBJC_MSGSEND = YES;
				ENABLE_USER_SCRIPT_SANDBOXING = YES;
				GCC_C_LANGUAGE_STANDARD = gnu17;
				GCC_NO_COMMON_BLOCKS = YES;
				GCC_WARN_64_TO_32_BIT_CONVERSION = YES;
				GCC_WARN_ABOUT_RETURN_TYPE = YES_ERROR;
				GCC_WARN_UNDECLARED_SELECTOR = YES;
				GCC_WARN_UNINITIALIZED_AUTOS = YES_AGGRESSIVE;
				GCC_WARN_UNUSED_FUNCTION = YES;
				GCC_WARN_UNUSED_VARIABLE = YES;
				IPHONEOS_DEPLOYMENT_TARGET = 13.4;
				LOCALIZATION_PREFERS_STRING_CATALOGS = YES;
				MTL_ENABLE_DEBUG_INFO = NO;
				MTL_FAST_MATH = YES;
				SDKROOT = iphoneos;
				SWIFT_COMPILATION_MODE = wholemodule;
				VALIDATE_PRODUCT = YES;
			};
			name = Release;
		};
		2A3C27082A97855500BC2E19 /* Debug */ = {
			isa = XCBuildConfiguration;
			buildSettings = {
				ASSETCATALOG_COMPILER_APPICON_NAME = AppIcon;
				ASSETCATALOG_COMPILER_GLOBAL_ACCENT_COLOR_NAME = AccentColor;
				CODE_SIGN_STYLE = Automatic;
				CURRENT_PROJECT_VERSION = 1;
				DEVELOPMENT_TEAM = TLSJ5SA5W3;
				GENERATE_INFOPLIST_FILE = YES;
				INFOPLIST_FILE = AvitoTech_ios/Resources/Info.plist;
				INFOPLIST_KEY_UIApplicationSupportsIndirectInputEvents = YES;
				INFOPLIST_KEY_UILaunchStoryboardName = LaunchScreen;
				INFOPLIST_KEY_UISupportedInterfaceOrientations = UIInterfaceOrientationPortrait;
				INFOPLIST_KEY_UISupportedInterfaceOrientations_iPad = "UIInterfaceOrientationLandscapeLeft UIInterfaceOrientationLandscapeRight UIInterfaceOrientationPortrait UIInterfaceOrientationPortraitUpsideDown";
				IPHONEOS_DEPLOYMENT_TARGET = 13.4;
				LD_RUNPATH_SEARCH_PATHS = (
					"$(inherited)",
					"@executable_path/Frameworks",
				);
				MARKETING_VERSION = 1.0;
				PRODUCT_BUNDLE_IDENTIFIER = "crowru.AvitoTech-ios";
				PRODUCT_NAME = "$(TARGET_NAME)";
				SUPPORTED_PLATFORMS = "iphoneos iphonesimulator";
				SUPPORTS_MACCATALYST = NO;
				SUPPORTS_MAC_DESIGNED_FOR_IPHONE_IPAD = NO;
				SUPPORTS_XR_DESIGNED_FOR_IPHONE_IPAD = NO;
				SWIFT_EMIT_LOC_STRINGS = YES;
				SWIFT_VERSION = 5.0;
				TARGETED_DEVICE_FAMILY = 1;
			};
			name = Debug;
		};
		2A3C27092A97855500BC2E19 /* Release */ = {
			isa = XCBuildConfiguration;
			buildSettings = {
				ASSETCATALOG_COMPILER_APPICON_NAME = AppIcon;
				ASSETCATALOG_COMPILER_GLOBAL_ACCENT_COLOR_NAME = AccentColor;
				CODE_SIGN_STYLE = Automatic;
				CURRENT_PROJECT_VERSION = 1;
				DEVELOPMENT_TEAM = TLSJ5SA5W3;
				GENERATE_INFOPLIST_FILE = YES;
				INFOPLIST_FILE = AvitoTech_ios/Resources/Info.plist;
				INFOPLIST_KEY_UIApplicationSupportsIndirectInputEvents = YES;
				INFOPLIST_KEY_UILaunchStoryboardName = LaunchScreen;
				INFOPLIST_KEY_UISupportedInterfaceOrientations = UIInterfaceOrientationPortrait;
				INFOPLIST_KEY_UISupportedInterfaceOrientations_iPad = "UIInterfaceOrientationLandscapeLeft UIInterfaceOrientationLandscapeRight UIInterfaceOrientationPortrait UIInterfaceOrientationPortraitUpsideDown";
				IPHONEOS_DEPLOYMENT_TARGET = 13.4;
				LD_RUNPATH_SEARCH_PATHS = (
					"$(inherited)",
					"@executable_path/Frameworks",
				);
				MARKETING_VERSION = 1.0;
				PRODUCT_BUNDLE_IDENTIFIER = "crowru.AvitoTech-ios";
				PRODUCT_NAME = "$(TARGET_NAME)";
				SUPPORTED_PLATFORMS = "iphoneos iphonesimulator";
				SUPPORTS_MACCATALYST = NO;
				SUPPORTS_MAC_DESIGNED_FOR_IPHONE_IPAD = NO;
				SUPPORTS_XR_DESIGNED_FOR_IPHONE_IPAD = NO;
				SWIFT_EMIT_LOC_STRINGS = YES;
				SWIFT_VERSION = 5.0;
				TARGETED_DEVICE_FAMILY = 1;
			};
			name = Release;
		};
/* End XCBuildConfiguration section */

/* Begin XCConfigurationList section */
		2A3C26EE2A97855200BC2E19 /* Build configuration list for PBXProject "AvitoTech" */ = {
			isa = XCConfigurationList;
			buildConfigurations = (
				2A3C27052A97855500BC2E19 /* Debug */,
				2A3C27062A97855500BC2E19 /* Release */,
			);
			defaultConfigurationIsVisible = 0;
			defaultConfigurationName = Release;
		};
		2A3C27072A97855500BC2E19 /* Build configuration list for PBXNativeTarget "AvitoTech" */ = {
			isa = XCConfigurationList;
			buildConfigurations = (
				2A3C27082A97855500BC2E19 /* Debug */,
				2A3C27092A97855500BC2E19 /* Release */,
			);
			defaultConfigurationIsVisible = 0;
			defaultConfigurationName = Release;
		};
/* End XCConfigurationList section */

/* Begin XCRemoteSwiftPackageReference section */
		2A6C72432A9D02F900789868 /* XCRemoteSwiftPackageReference "Kingfisher" */ = {
			isa = XCRemoteSwiftPackageReference;
			repositoryURL = "https://github.com/onevcat/Kingfisher.git";
			requirement = {
				kind = upToNextMajorVersion;
				minimumVersion = 7.9.1;
			};
		};
		2A6C72622A9E474700789868 /* XCRemoteSwiftPackageReference "ProgressHUD" */ = {
			isa = XCRemoteSwiftPackageReference;
			repositoryURL = "https://github.com/relatedcode/ProgressHUD";
			requirement = {
				kind = upToNextMajorVersion;
				minimumVersion = 13.7.2;
			};
		};
/* End XCRemoteSwiftPackageReference section */

/* Begin XCSwiftPackageProductDependency section */
		2A6C72442A9D02F900789868 /* Kingfisher */ = {
			isa = XCSwiftPackageProductDependency;
			package = 2A6C72432A9D02F900789868 /* XCRemoteSwiftPackageReference "Kingfisher" */;
			productName = Kingfisher;
		};
		2A6C72632A9E474700789868 /* ProgressHUD */ = {
			isa = XCSwiftPackageProductDependency;
			package = 2A6C72622A9E474700789868 /* XCRemoteSwiftPackageReference "ProgressHUD" */;
			productName = ProgressHUD;
		};
/* End XCSwiftPackageProductDependency section */
	};
	rootObject = 2A3C26EB2A97855200BC2E19 /* Project object */;
}
